
Microsoft Visual Studio Solution File, Format Version 10.00
# Visual Studio 2008
Project("{F184B08F-C81C-45F6-A57F-5ABD9991F28F}") = "GnTs Restaurant", "GnT's Restaurant\GnTs Restaurant.vbproj", "{98080222-CD5C-4094-8921-F37CFBDE5927}"
EndProject
Global
	GlobalSection(SolutionConfigurationPlatforms) = preSolution
		Debug|Any CPU = Debug|Any CPU
		Release|Any CPU = Release|Any CPU
	EndGlobalSection
	GlobalSection(ProjectConfigurationPlatforms) = postSolution
		{98080222-CD5C-4094-8921-F37CFBDE5927}.Debug|Any CPU.ActiveCfg = Debug|Any CPU
		{98080222-CD5C-4094-8921-F37CFBDE5927}.Debug|Any CPU.Build.0 = Debug|Any CPU
		{98080222-CD5C-4094-8921-F37CFBDE5927}.Release|Any CPU.ActiveCfg = Release|Any CPU
		{98080222-CD5C-4094-8921-F37CFBDE5927}.Release|Any CPU.Build.0 = Release|Any CPU
	EndGlobalSection
	GlobalSection(SolutionProperties) = preSolution
		HideSolutionNode = FALSE
	EndGlobalSection
EndGlobal
